
Microsoft Visual Studio Solution File, Format Version 12.00
# Visual Studio Version 17
VisualStudioVersion = 17.0.31919.166
MinimumVisualStudioVersion = 10.0.40219.1
Project("{FAE04EC0-301F-11D3-BF4B-00C04F79EFBC}") = "Circular_Bus_Ticket", "Circular_Bus_Ticket.csproj", "{72C0457D-57D2-4362-965A-19A7B365195F}"
EndProject
Global
	GlobalSection(SolutionConfigurationPlatforms) = preSolution
		Debug|Any CPU = Debug|Any CPU
		Release|Any CPU = Release|Any CPU
	EndGlobalSection
	GlobalSection(ProjectConfigurationPlatforms) = postSolution
		{72C0457D-57D2-4362-965A-19A7B365195F}.Debug|Any CPU.ActiveCfg = Debug|Any CPU
		{72C0457D-57D2-4362-965A-19A7B365195F}.Debug|Any CPU.Build.0 = Debug|Any CPU
		{72C0457D-57D2-4362-965A-19A7B365195F}.Release|Any CPU.ActiveCfg = Release|Any CPU
		{72C0457D-57D2-4362-965A-19A7B365195F}.Release|Any CPU.Build.0 = Release|Any CPU
	EndGlobalSection
	GlobalSection(SolutionProperties) = preSolution
		HideSolutionNode = FALSE
	EndGlobalSection
	GlobalSection(ExtensibilityGlobals) = postSolution
		SolutionGuid = {432DB249-1270-4F78-B95F-382E80F8CCA6}
	EndGlobalSection
EndGlobal
